
Microsoft Visual Studio Solution File, Format Version 12.00
# Visual Studio Version 16
VisualStudioVersion = 16.0.31402.337
MinimumVisualStudioVersion = 10.0.40219.1
Project("{8BC9CEB8-8B4A-11D0-8D11-00A0C91BC942}") = "HW1", "HW1\HW1.vcxproj", "{DEC8540A-170C-4BFB-B8F2-48B57363626B}"
EndProject
Global
	GlobalSection(SolutionConfigurationPlatforms) = preSolution
		Debug|x64 = Debug|x64
		Debug|x86 = Debug|x86
		Release|x64 = Release|x64
		Release|x86 = Release|x86
	EndGlobalSection
	GlobalSection(ProjectConfigurationPlatforms) = postSolution
		{DEC8540A-170C-4BFB-B8F2-48B57363626B}.Debug|x64.ActiveCfg = Debug|x64
		{DEC8540A-170C-4BFB-B8F2-48B57363626B}.Debug|x64.Build.0 = Debug|x64
		{DEC8540A-170C-4BFB-B8F2-48B57363626B}.Debug|x86.ActiveCfg = Debug|Win32
		{DEC8540A-170C-4BFB-B8F2-48B57363626B}.Debug|x86.Build.0 = Debug|Win32
		{DEC8540A-170C-4BFB-B8F2-48B57363626B}.Release|x64.ActiveCfg = Release|x64
		{DEC8540A-170C-4BFB-B8F2-48B57363626B}.Release|x64.Build.0 = Release|x64
		{DEC8540A-170C-4BFB-B8F2-48B57363626B}.Release|x86.ActiveCfg = Release|Win32
		{DEC8540A-170C-4BFB-B8F2-48B57363626B}.Release|x86.Build.0 = Release|Win32
	EndGlobalSection
	GlobalSection(SolutionProperties) = preSolution
		HideSolutionNode = FALSE
	EndGlobalSection
	GlobalSection(ExtensibilityGlobals) = postSolution
		SolutionGuid = {655E5DCC-9CD4-43B9-9623-4EB6DE9A300D}
	EndGlobalSection
EndGlobal
